// !$*UTF8*$!
{
	archiveVersion = 1;
	classes = {
	};
	objectVersion = 46;
	objects = {

/* Begin PBXBuildFile section */
		E59DDDCB17E0D7450019AC6B /* UIKit.framework in Frameworks */ = {isa = PBXBuildFile; fileRef = E59DDDCA17E0D7440019AC6B /* UIKit.framework */; };
		E59DDDCD17E0D7450019AC6B /* Foundation.framework in Frameworks */ = {isa = PBXBuildFile; fileRef = E59DDDCC17E0D7450019AC6B /* Foundation.framework */; };
		E59DDDCF17E0D7450019AC6B /* CoreGraphics.framework in Frameworks */ = {isa = PBXBuildFile; fileRef = E59DDDCE17E0D7450019AC6B /* CoreGraphics.framework */; };
		E59DDDD517E0D7450019AC6B /* InfoPlist.strings in Resources */ = {isa = PBXBuildFile; fileRef = E59DDDD317E0D7450019AC6B /* InfoPlist.strings */; };
		E59DDDD717E0D7450019AC6B /* main.m in Sources */ = {isa = PBXBuildFile; fileRef = E59DDDD617E0D7450019AC6B /* main.m */; };
		E59DDDDB17E0D7450019AC6B /* AppDelegate.m in Sources */ = {isa = PBXBuildFile; fileRef = E59DDDDA17E0D7450019AC6B /* AppDelegate.m */; };
		E59DDDDD17E0D7450019AC6B /* Default.png in Resources */ = {isa = PBXBuildFile; fileRef = E59DDDDC17E0D7450019AC6B /* Default.png */; };
		E59DDDDF17E0D7450019AC6B /* Default@2x.png in Resources */ = {isa = PBXBuildFile; fileRef = E59DDDDE17E0D7450019AC6B /* Default@2x.png */; };
		E59DDDE117E0D7450019AC6B /* Default-568h@2x.png in Resources */ = {isa = PBXBuildFile; fileRef = E59DDDE017E0D7450019AC6B /* Default-568h@2x.png */; };
		E59DDDE917E0D7450019AC6B /* SenTestingKit.framework in Frameworks */ = {isa = PBXBuildFile; fileRef = E59DDDE817E0D7450019AC6B /* SenTestingKit.framework */; };
		E59DDDEA17E0D7450019AC6B /* UIKit.framework in Frameworks */ = {isa = PBXBuildFile; fileRef = E59DDDCA17E0D7440019AC6B /* UIKit.framework */; };
		E59DDDEB17E0D7450019AC6B /* Foundation.framework in Frameworks */ = {isa = PBXBuildFile; fileRef = E59DDDCC17E0D7450019AC6B /* Foundation.framework */; };
		E59DDDF317E0D7450019AC6B /* InfoPlist.strings in Resources */ = {isa = PBXBuildFile; fileRef = E59DDDF117E0D7450019AC6B /* InfoPlist.strings */; };
		E59DDDF617E0D7450019AC6B /* KAIST_BUSTests.m in Sources */ = {isa = PBXBuildFile; fileRef = E59DDDF517E0D7450019AC6B /* KAIST_BUSTests.m */; };
		E59DDE1717E0D85A0019AC6B /* SidebarCell.m in Sources */ = {isa = PBXBuildFile; fileRef = E59DDE1217E0D85A0019AC6B /* SidebarCell.m */; };
		E59DDE1817E0D85A0019AC6B /* SidebarCell.xib in Resources */ = {isa = PBXBuildFile; fileRef = E59DDE1317E0D85A0019AC6B /* SidebarCell.xib */; };
		E59DDE1917E0D85A0019AC6B /* SidebarViewController.m in Sources */ = {isa = PBXBuildFile; fileRef = E59DDE1517E0D85A0019AC6B /* SidebarViewController.m */; };
		E59DDE1A17E0D85A0019AC6B /* SidebarViewController.xib in Resources */ = {isa = PBXBuildFile; fileRef = E59DDE1617E0D85A0019AC6B /* SidebarViewController.xib */; };
		E59DDE2C17E0D9290019AC6B /* UINavigationItem+JTRevealSidebarV2.m in Sources */ = {isa = PBXBuildFile; fileRef = E59DDE2917E0D9290019AC6B /* UINavigationItem+JTRevealSidebarV2.m */; };
		E59DDE2D17E0D9290019AC6B /* UIViewController+JTRevealSidebarV2.m in Sources */ = {isa = PBXBuildFile; fileRef = E59DDE2B17E0D9290019AC6B /* UIViewController+JTRevealSidebarV2.m */; };
		E59DDE3117E0D9CC0019AC6B /* RootViewControllerBase.m in Sources */ = {isa = PBXBuildFile; fileRef = E59DDE3017E0D9CC0019AC6B /* RootViewControllerBase.m */; };
		E59DDE3617E0DAA40019AC6B /* ButtonMenu.png in Resources */ = {isa = PBXBuildFile; fileRef = E59DDE3417E0DAA40019AC6B /* ButtonMenu.png */; };
		E59DDE3717E0DAA40019AC6B /* ButtonMenu@2x.png in Resources */ = {isa = PBXBuildFile; fileRef = E59DDE3517E0DAA40019AC6B /* ButtonMenu@2x.png */; };
		E59DDE3C17E0DB7A0019AC6B /* AboutViewController.m in Sources */ = {isa = PBXBuildFile; fileRef = E59DDE3A17E0DB7A0019AC6B /* AboutViewController.m */; };
		E59DDE3D17E0DB7A0019AC6B /* AboutViewController.xib in Resources */ = {isa = PBXBuildFile; fileRef = E59DDE3B17E0DB7A0019AC6B /* AboutViewController.xib */; };
		E59DDE3F17E0DD200019AC6B /* MessageUI.framework in Frameworks */ = {isa = PBXBuildFile; fileRef = E59DDE3E17E0DD200019AC6B /* MessageUI.framework */; };
		E59DDE4417E0E0A60019AC6B /* TimetableViewController.m in Sources */ = {isa = PBXBuildFile; fileRef = E59DDE4217E0E0A60019AC6B /* TimetableViewController.m */; };
		E59DDE4517E0E0A60019AC6B /* TimetableViewController.xib in Resources */ = {isa = PBXBuildFile; fileRef = E59DDE4317E0E0A60019AC6B /* TimetableViewController.xib */; };
		E59DDE4717E0E4D10019AC6B /* BonwonMunji.plist in Resources */ = {isa = PBXBuildFile; fileRef = E59DDE4617E0E4D10019AC6B /* BonwonMunji.plist */; };
		E59DDE4E17E0F6490019AC6B /* toggle_direction@2x.png in Resources */ = {isa = PBXBuildFile; fileRef = E59DDE4C17E0F6490019AC6B /* toggle_direction@2x.png */; };
		E59DDE4F17E0F6490019AC6B /* toggle_direction.png in Resources */ = {isa = PBXBuildFile; fileRef = E59DDE4D17E0F6490019AC6B /* toggle_direction.png */; };
		E59DDE5117E0F7E20019AC6B /* MunjiBonwon.plist in Resources */ = {isa = PBXBuildFile; fileRef = E59DDE5017E0F7E10019AC6B /* MunjiBonwon.plist */; };
		E59DDE5317E0FDC90019AC6B /* MunjiHwaam.plist in Resources */ = {isa = PBXBuildFile; fileRef = E59DDE5217E0FDC90019AC6B /* MunjiHwaam.plist */; };
		E59DDE5517E101130019AC6B /* HwaamMunji.plist in Resources */ = {isa = PBXBuildFile; fileRef = E59DDE5417E101130019AC6B /* HwaamMunji.plist */; };
		E59DDE5717E102E80019AC6B /* BonwonWolpyeong.plist in Resources */ = {isa = PBXBuildFile; fileRef = E59DDE5617E102E80019AC6B /* BonwonWolpyeong.plist */; };
		E59DDE5917E1037E0019AC6B /* WolpyeongBonwon.plist in Resources */ = {isa = PBXBuildFile; fileRef = E59DDE5817E1037E0019AC6B /* WolpyeongBonwon.plist */; };
		E59DDE5B17E104080019AC6B /* OLEV.plist in Resources */ = {isa = PBXBuildFile; fileRef = E59DDE5A17E104080019AC6B /* OLEV.plist */; };
		E59DDE5E17E1112A0019AC6B /* shadow.png in Resources */ = {isa = PBXBuildFile; fileRef = E59DDE5C17E1112A0019AC6B /* shadow.png */; };
		E59DDE5F17E1112A0019AC6B /* shadow@2x.png in Resources */ = {isa = PBXBuildFile; fileRef = E59DDE5D17E1112A0019AC6B /* shadow@2x.png */; };
/* End PBXBuildFile section */

/* Begin PBXContainerItemProxy section */
		E59DDDEC17E0D7450019AC6B /* PBXContainerItemProxy */ = {
			isa = PBXContainerItemProxy;
			containerPortal = E59DDDBF17E0D7440019AC6B /* Project object */;
			proxyType = 1;
			remoteGlobalIDString = E59DDDC617E0D7440019AC6B;
			remoteInfo = KAIST_BUS;
		};
/* End PBXContainerItemProxy section */

/* Begin PBXFileReference section */
		E59DDDC717E0D7440019AC6B /* KAIST_BUS.app */ = {isa = PBXFileReference; explicitFileType = wrapper.application; includeInIndex = 0; path = KAIST_BUS.app; sourceTree = BUILT_PRODUCTS_DIR; };
		E59DDDCA17E0D7440019AC6B /* UIKit.framework */ = {isa = PBXFileReference; lastKnownFileType = wrapper.framework; name = UIKit.framework; path = System/Library/Frameworks/UIKit.framework; sourceTree = SDKROOT; };
		E59DDDCC17E0D7450019AC6B /* Foundation.framework */ = {isa = PBXFileReference; lastKnownFileType = wrapper.framework; name = Foundation.framework; path = System/Library/Frameworks/Foundation.framework; sourceTree = SDKROOT; };
		E59DDDCE17E0D7450019AC6B /* CoreGraphics.framework */ = {isa = PBXFileReference; lastKnownFileType = wrapper.framework; name = CoreGraphics.framework; path = System/Library/Frameworks/CoreGraphics.framework; sourceTree = SDKROOT; };
		E59DDDD217E0D7450019AC6B /* KAIST_BUS-Info.plist */ = {isa = PBXFileReference; lastKnownFileType = text.plist.xml; path = "KAIST_BUS-Info.plist"; sourceTree = "<group>"; };
		E59DDDD417E0D7450019AC6B /* en */ = {isa = PBXFileReference; lastKnownFileType = text.plist.strings; name = en; path = en.lproj/InfoPlist.strings; sourceTree = "<group>"; };
		E59DDDD617E0D7450019AC6B /* main.m */ = {isa = PBXFileReference; lastKnownFileType = sourcecode.c.objc; path = main.m; sourceTree = "<group>"; };
		E59DDDD817E0D7450019AC6B /* KAIST_BUS-Prefix.pch */ = {isa = PBXFileReference; lastKnownFileType = sourcecode.c.h; path = "KAIST_BUS-Prefix.pch"; sourceTree = "<group>"; };
		E59DDDD917E0D7450019AC6B /* AppDelegate.h */ = {isa = PBXFileReference; lastKnownFileType = sourcecode.c.h; path = AppDelegate.h; sourceTree = "<group>"; };
		E59DDDDA17E0D7450019AC6B /* AppDelegate.m */ = {isa = PBXFileReference; lastKnownFileType = sourcecode.c.objc; path = AppDelegate.m; sourceTree = "<group>"; };
		E59DDDDC17E0D7450019AC6B /* Default.png */ = {isa = PBXFileReference; lastKnownFileType = image.png; path = Default.png; sourceTree = "<group>"; };
		E59DDDDE17E0D7450019AC6B /* Default@2x.png */ = {isa = PBXFileReference; lastKnownFileType = image.png; path = "Default@2x.png"; sourceTree = "<group>"; };
		E59DDDE017E0D7450019AC6B /* Default-568h@2x.png */ = {isa = PBXFileReference; lastKnownFileType = image.png; path = "Default-568h@2x.png"; sourceTree = "<group>"; };
		E59DDDE717E0D7450019AC6B /* KAIST_BUSTests.octest */ = {isa = PBXFileReference; explicitFileType = wrapper.cfbundle; includeInIndex = 0; path = KAIST_BUSTests.octest; sourceTree = BUILT_PRODUCTS_DIR; };
		E59DDDE817E0D7450019AC6B /* SenTestingKit.framework */ = {isa = PBXFileReference; lastKnownFileType = wrapper.framework; name = SenTestingKit.framework; path = Library/Frameworks/SenTestingKit.framework; sourceTree = DEVELOPER_DIR; };
		E59DDDF017E0D7450019AC6B /* KAIST_BUSTests-Info.plist */ = {isa = PBXFileReference; lastKnownFileType = text.plist.xml; path = "KAIST_BUSTests-Info.plist"; sourceTree = "<group>"; };
		E59DDDF217E0D7450019AC6B /* en */ = {isa = PBXFileReference; lastKnownFileType = text.plist.strings; name = en; path = en.lproj/InfoPlist.strings; sourceTree = "<group>"; };
		E59DDDF417E0D7450019AC6B /* KAIST_BUSTests.h */ = {isa = PBXFileReference; lastKnownFileType = sourcecode.c.h; path = KAIST_BUSTests.h; sourceTree = "<group>"; };
		E59DDDF517E0D7450019AC6B /* KAIST_BUSTests.m */ = {isa = PBXFileReference; lastKnownFileType = sourcecode.c.objc; path = KAIST_BUSTests.m; sourceTree = "<group>"; };
		E59DDE1117E0D85A0019AC6B /* SidebarCell.h */ = {isa = PBXFileReference; fileEncoding = 4; lastKnownFileType = sourcecode.c.h; path = SidebarCell.h; sourceTree = "<group>"; };
		E59DDE1217E0D85A0019AC6B /* SidebarCell.m */ = {isa = PBXFileReference; fileEncoding = 4; lastKnownFileType = sourcecode.c.objc; path = SidebarCell.m; sourceTree = "<group>"; };
		E59DDE1317E0D85A0019AC6B /* SidebarCell.xib */ = {isa = PBXFileReference; fileEncoding = 4; lastKnownFileType = file.xib; path = SidebarCell.xib; sourceTree = "<group>"; };
		E59DDE1417E0D85A0019AC6B /* SidebarViewController.h */ = {isa = PBXFileReference; fileEncoding = 4; lastKnownFileType = sourcecode.c.h; path = SidebarViewController.h; sourceTree = "<group>"; };
		E59DDE1517E0D85A0019AC6B /* SidebarViewController.m */ = {isa = PBXFileReference; fileEncoding = 4; lastKnownFileType = sourcecode.c.objc; path = SidebarViewController.m; sourceTree = "<group>"; };
		E59DDE1617E0D85A0019AC6B /* SidebarViewController.xib */ = {isa = PBXFileReference; fileEncoding = 4; lastKnownFileType = file.xib; path = SidebarViewController.xib; sourceTree = "<group>"; };
		E59DDE2717E0D9290019AC6B /* JTRevealSidebarV2Delegate.h */ = {isa = PBXFileReference; fileEncoding = 4; lastKnownFileType = sourcecode.c.h; path = JTRevealSidebarV2Delegate.h; sourceTree = "<group>"; };
		E59DDE2817E0D9290019AC6B /* UINavigationItem+JTRevealSidebarV2.h */ = {isa = PBXFileReference; fileEncoding = 4; lastKnownFileType = sourcecode.c.h; path = "UINavigationItem+JTRevealSidebarV2.h"; sourceTree = "<group>"; };
		E59DDE2917E0D9290019AC6B /* UINavigationItem+JTRevealSidebarV2.m */ = {isa = PBXFileReference; fileEncoding = 4; lastKnownFileType = sourcecode.c.objc; path = "UINavigationItem+JTRevealSidebarV2.m"; sourceTree = "<group>"; };
		E59DDE2A17E0D9290019AC6B /* UIViewController+JTRevealSidebarV2.h */ = {isa = PBXFileReference; fileEncoding = 4; lastKnownFileType = sourcecode.c.h; path = "UIViewController+JTRevealSidebarV2.h"; sourceTree = "<group>"; };
		E59DDE2B17E0D9290019AC6B /* UIViewController+JTRevealSidebarV2.m */ = {isa = PBXFileReference; fileEncoding = 4; lastKnownFileType = sourcecode.c.objc; path = "UIViewController+JTRevealSidebarV2.m"; sourceTree = "<group>"; };
		E59DDE2F17E0D9CC0019AC6B /* RootViewControllerBase.h */ = {isa = PBXFileReference; fileEncoding = 4; lastKnownFileType = sourcecode.c.h; path = RootViewControllerBase.h; sourceTree = "<group>"; };
		E59DDE3017E0D9CC0019AC6B /* RootViewControllerBase.m */ = {isa = PBXFileReference; fileEncoding = 4; lastKnownFileType = sourcecode.c.objc; path = RootViewControllerBase.m; sourceTree = "<group>"; };
		E59DDE3417E0DAA40019AC6B /* ButtonMenu.png */ = {isa = PBXFileReference; lastKnownFileType = image.png; path = ButtonMenu.png; sourceTree = "<group>"; };
		E59DDE3517E0DAA40019AC6B /* ButtonMenu@2x.png */ = {isa = PBXFileReference; lastKnownFileType = image.png; path = "ButtonMenu@2x.png"; sourceTree = "<group>"; };
		E59DDE3917E0DB7A0019AC6B /* AboutViewController.h */ = {isa = PBXFileReference; fileEncoding = 4; lastKnownFileType = sourcecode.c.h; path = AboutViewController.h; sourceTree = "<group>"; };
		E59DDE3A17E0DB7A0019AC6B /* AboutViewController.m */ = {isa = PBXFileReference; fileEncoding = 4; lastKnownFileType = sourcecode.c.objc; path = AboutViewController.m; sourceTree = "<group>"; };
		E59DDE3B17E0DB7A0019AC6B /* AboutViewController.xib */ = {isa = PBXFileReference; fileEncoding = 4; lastKnownFileType = file.xib; path = AboutViewController.xib; sourceTree = "<group>"; };
		E59DDE3E17E0DD200019AC6B /* MessageUI.framework */ = {isa = PBXFileReference; lastKnownFileType = wrapper.framework; name = MessageUI.framework; path = System/Library/Frameworks/MessageUI.framework; sourceTree = SDKROOT; };
		E59DDE4117E0E0A60019AC6B /* TimetableViewController.h */ = {isa = PBXFileReference; fileEncoding = 4; lastKnownFileType = sourcecode.c.h; name = TimetableViewController.h; path = TimetableViewController/TimetableViewController.h; sourceTree = "<group>"; };
		E59DDE4217E0E0A60019AC6B /* TimetableViewController.m */ = {isa = PBXFileReference; fileEncoding = 4; lastKnownFileType = sourcecode.c.objc; name = TimetableViewController.m; path = TimetableViewController/TimetableViewController.m; sourceTree = "<group>"; };
		E59DDE4317E0E0A60019AC6B /* TimetableViewController.xib */ = {isa = PBXFileReference; fileEncoding = 4; lastKnownFileType = file.xib; name = TimetableViewController.xib; path = TimetableViewController/TimetableViewController.xib; sourceTree = "<group>"; };
		E59DDE4617E0E4D10019AC6B /* BonwonMunji.plist */ = {isa = PBXFileReference; fileEncoding = 4; lastKnownFileType = text.plist.xml; path = BonwonMunji.plist; sourceTree = "<group>"; };
		E59DDE4C17E0F6490019AC6B /* toggle_direction@2x.png */ = {isa = PBXFileReference; lastKnownFileType = image.png; path = "toggle_direction@2x.png"; sourceTree = "<group>"; };
		E59DDE4D17E0F6490019AC6B /* toggle_direction.png */ = {isa = PBXFileReference; lastKnownFileType = image.png; path = toggle_direction.png; sourceTree = "<group>"; };
		E59DDE5017E0F7E10019AC6B /* MunjiBonwon.plist */ = {isa = PBXFileReference; fileEncoding = 4; lastKnownFileType = text.plist.xml; path = MunjiBonwon.plist; sourceTree = "<group>"; };
		E59DDE5217E0FDC90019AC6B /* MunjiHwaam.plist */ = {isa = PBXFileReference; fileEncoding = 4; lastKnownFileType = text.plist.xml; path = MunjiHwaam.plist; sourceTree = "<group>"; };
		E59DDE5417E101130019AC6B /* HwaamMunji.plist */ = {isa = PBXFileReference; fileEncoding = 4; lastKnownFileType = text.plist.xml; path = HwaamMunji.plist; sourceTree = "<group>"; };
		E59DDE5617E102E80019AC6B /* BonwonWolpyeong.plist */ = {isa = PBXFileReference; fileEncoding = 4; lastKnownFileType = text.plist.xml; path = BonwonWolpyeong.plist; sourceTree = "<group>"; };
		E59DDE5817E1037E0019AC6B /* WolpyeongBonwon.plist */ = {isa = PBXFileReference; fileEncoding = 4; lastKnownFileType = text.plist.xml; path = WolpyeongBonwon.plist; sourceTree = "<group>"; };
		E59DDE5A17E104080019AC6B /* OLEV.plist */ = {isa = PBXFileReference; fileEncoding = 4; lastKnownFileType = text.plist.xml; path = OLEV.plist; sourceTree = "<group>"; };
		E59DDE5C17E1112A0019AC6B /* shadow.png */ = {isa = PBXFileReference; lastKnownFileType = image.png; path = shadow.png; sourceTree = "<group>"; };
		E59DDE5D17E1112A0019AC6B /* shadow@2x.png */ = {isa = PBXFileReference; lastKnownFileType = image.png; path = "shadow@2x.png"; sourceTree = "<group>"; };
/* End PBXFileReference section */

/* Begin PBXFrameworksBuildPhase section */
		E59DDDC417E0D7440019AC6B /* Frameworks */ = {
			isa = PBXFrameworksBuildPhase;
			buildActionMask = 2147483647;
			files = (
				E59DDE3F17E0DD200019AC6B /* MessageUI.framework in Frameworks */,
				E59DDDCB17E0D7450019AC6B /* UIKit.framework in Frameworks */,
				E59DDDCD17E0D7450019AC6B /* Foundation.framework in Frameworks */,
				E59DDDCF17E0D7450019AC6B /* CoreGraphics.framework in Frameworks */,
			);
			runOnlyForDeploymentPostprocessing = 0;
		};
		E59DDDE317E0D7450019AC6B /* Frameworks */ = {
			isa = PBXFrameworksBuildPhase;
			buildActionMask = 2147483647;
			files = (
				E59DDDE917E0D7450019AC6B /* SenTestingKit.framework in Frameworks */,
				E59DDDEA17E0D7450019AC6B /* UIKit.framework in Frameworks */,
				E59DDDEB17E0D7450019AC6B /* Foundation.framework in Frameworks */,
			);
			runOnlyForDeploymentPostprocessing = 0;
		};
/* End PBXFrameworksBuildPhase section */

/* Begin PBXGroup section */
		E59DDDBE17E0D7440019AC6B = {
			isa = PBXGroup;
			children = (
				E59DDE3317E0DAA40019AC6B /* img */,
				E59DDE2517E0D9290019AC6B /* lib */,
				E59DDDD017E0D7450019AC6B /* KAIST_BUS */,
				E59DDDEE17E0D7450019AC6B /* KAIST_BUSTests */,
				E59DDDC917E0D7440019AC6B /* Frameworks */,
				E59DDDC817E0D7440019AC6B /* Products */,
			);
			sourceTree = "<group>";
		};
		E59DDDC817E0D7440019AC6B /* Products */ = {
			isa = PBXGroup;
			children = (
				E59DDDC717E0D7440019AC6B /* KAIST_BUS.app */,
				E59DDDE717E0D7450019AC6B /* KAIST_BUSTests.octest */,
			);
			name = Products;
			sourceTree = "<group>";
		};
		E59DDDC917E0D7440019AC6B /* Frameworks */ = {
			isa = PBXGroup;
			children = (
				E59DDE3E17E0DD200019AC6B /* MessageUI.framework */,
				E59DDDCA17E0D7440019AC6B /* UIKit.framework */,
				E59DDDCC17E0D7450019AC6B /* Foundation.framework */,
				E59DDDCE17E0D7450019AC6B /* CoreGraphics.framework */,
				E59DDDE817E0D7450019AC6B /* SenTestingKit.framework */,
			);
			name = Frameworks;
			sourceTree = "<group>";
		};
		E59DDDD017E0D7450019AC6B /* KAIST_BUS */ = {
			isa = PBXGroup;
			children = (
				E59DDDFF17E0D75D0019AC6B /* ViewController */,
				E59DDDD917E0D7450019AC6B /* AppDelegate.h */,
				E59DDDDA17E0D7450019AC6B /* AppDelegate.m */,
				E59DDDD117E0D7450019AC6B /* Supporting Files */,
			);
			path = KAIST_BUS;
			sourceTree = "<group>";
		};
		E59DDDD117E0D7450019AC6B /* Supporting Files */ = {
			isa = PBXGroup;
			children = (
				E59DDDD217E0D7450019AC6B /* KAIST_BUS-Info.plist */,
				E59DDDD317E0D7450019AC6B /* InfoPlist.strings */,
				E59DDDD617E0D7450019AC6B /* main.m */,
				E59DDDD817E0D7450019AC6B /* KAIST_BUS-Prefix.pch */,
				E59DDDDC17E0D7450019AC6B /* Default.png */,
				E59DDDDE17E0D7450019AC6B /* Default@2x.png */,
				E59DDDE017E0D7450019AC6B /* Default-568h@2x.png */,
				E59DDE4617E0E4D10019AC6B /* BonwonMunji.plist */,
				E59DDE5017E0F7E10019AC6B /* MunjiBonwon.plist */,
				E59DDE5217E0FDC90019AC6B /* MunjiHwaam.plist */,
				E59DDE5417E101130019AC6B /* HwaamMunji.plist */,
				E59DDE5617E102E80019AC6B /* BonwonWolpyeong.plist */,
				E59DDE5817E1037E0019AC6B /* WolpyeongBonwon.plist */,
				E59DDE5A17E104080019AC6B /* OLEV.plist */,
			);
			name = "Supporting Files";
			sourceTree = "<group>";
		};
		E59DDDEE17E0D7450019AC6B /* KAIST_BUSTests */ = {
			isa = PBXGroup;
			children = (
				E59DDDF417E0D7450019AC6B /* KAIST_BUSTests.h */,
				E59DDDF517E0D7450019AC6B /* KAIST_BUSTests.m */,
				E59DDDEF17E0D7450019AC6B /* Supporting Files */,
			);
			path = KAIST_BUSTests;
			sourceTree = "<group>";
		};
		E59DDDEF17E0D7450019AC6B /* Supporting Files */ = {
			isa = PBXGroup;
			children = (
				E59DDDF017E0D7450019AC6B /* KAIST_BUSTests-Info.plist */,
				E59DDDF117E0D7450019AC6B /* InfoPlist.strings */,
			);
			name = "Supporting Files";
			sourceTree = "<group>";
		};
		E59DDDFF17E0D75D0019AC6B /* ViewController */ = {
			isa = PBXGroup;
			children = (
				E59DDE4017E0DF410019AC6B /* TimetableViewController */,
				E59DDE3817E0DB790019AC6B /* AboutViewController */,
				E59DDE2E17E0D9CC0019AC6B /* RootViewController */,
				E59DDE1017E0D85A0019AC6B /* SidebarViewController */,
			);
			name = ViewController;
			sourceTree = "<group>";
		};
		E59DDE1017E0D85A0019AC6B /* SidebarViewController */ = {
			isa = PBXGroup;
			children = (
				E59DDE1117E0D85A0019AC6B /* SidebarCell.h */,
				E59DDE1217E0D85A0019AC6B /* SidebarCell.m */,
				E59DDE1317E0D85A0019AC6B /* SidebarCell.xib */,
				E59DDE1417E0D85A0019AC6B /* SidebarViewController.h */,
				E59DDE1517E0D85A0019AC6B /* SidebarViewController.m */,
				E59DDE1617E0D85A0019AC6B /* SidebarViewController.xib */,
			);
			name = SidebarViewController;
			path = ViewController/SidebarViewController;
			sourceTree = "<group>";
		};
		E59DDE2517E0D9290019AC6B /* lib */ = {
			isa = PBXGroup;
			children = (
				E59DDE2617E0D9290019AC6B /* JTRevealSidebarV2 */,
			);
			path = lib;
			sourceTree = "<group>";
		};
		E59DDE2617E0D9290019AC6B /* JTRevealSidebarV2 */ = {
			isa = PBXGroup;
			children = (
				E59DDE2717E0D9290019AC6B /* JTRevealSidebarV2Delegate.h */,
				E59DDE2817E0D9290019AC6B /* UINavigationItem+JTRevealSidebarV2.h */,
				E59DDE2917E0D9290019AC6B /* UINavigationItem+JTRevealSidebarV2.m */,
				E59DDE2A17E0D9290019AC6B /* UIViewController+JTRevealSidebarV2.h */,
				E59DDE2B17E0D9290019AC6B /* UIViewController+JTRevealSidebarV2.m */,
			);
			path = JTRevealSidebarV2;
			sourceTree = "<group>";
		};
		E59DDE2E17E0D9CC0019AC6B /* RootViewController */ = {
			isa = PBXGroup;
			children = (
				E59DDE2F17E0D9CC0019AC6B /* RootViewControllerBase.h */,
				E59DDE3017E0D9CC0019AC6B /* RootViewControllerBase.m */,
			);
			name = RootViewController;
			path = ViewController/RootViewController;
			sourceTree = "<group>";
		};
		E59DDE3317E0DAA40019AC6B /* img */ = {
			isa = PBXGroup;
			children = (
				E59DDE5C17E1112A0019AC6B /* shadow.png */,
				E59DDE5D17E1112A0019AC6B /* shadow@2x.png */,
				E59DDE4C17E0F6490019AC6B /* toggle_direction@2x.png */,
				E59DDE4D17E0F6490019AC6B /* toggle_direction.png */,
				E59DDE3417E0DAA40019AC6B /* ButtonMenu.png */,
				E59DDE3517E0DAA40019AC6B /* ButtonMenu@2x.png */,
			);
			name = img;
			path = KAIST_BUS/img;
			sourceTree = "<group>";
		};
		E59DDE3817E0DB790019AC6B /* AboutViewController */ = {
			isa = PBXGroup;
			children = (
				E59DDE3917E0DB7A0019AC6B /* AboutViewController.h */,
				E59DDE3A17E0DB7A0019AC6B /* AboutViewController.m */,
				E59DDE3B17E0DB7A0019AC6B /* AboutViewController.xib */,
			);
			name = AboutViewController;
			path = ViewController/AboutViewController;
			sourceTree = "<group>";
		};
		E59DDE4017E0DF410019AC6B /* TimetableViewController */ = {
			isa = PBXGroup;
			children = (
				E59DDE4117E0E0A60019AC6B /* TimetableViewController.h */,
				E59DDE4217E0E0A60019AC6B /* TimetableViewController.m */,
				E59DDE4317E0E0A60019AC6B /* TimetableViewController.xib */,
			);
			name = TimetableViewController;
			sourceTree = "<group>";
		};
/* End PBXGroup section */

/* Begin PBXNativeTarget section */
		E59DDDC617E0D7440019AC6B /* KAIST_BUS */ = {
			isa = PBXNativeTarget;
			buildConfigurationList = E59DDDF917E0D7450019AC6B /* Build configuration list for PBXNativeTarget "KAIST_BUS" */;
			buildPhases = (
				E59DDDC317E0D7440019AC6B /* Sources */,
				E59DDDC417E0D7440019AC6B /* Frameworks */,
				E59DDDC517E0D7440019AC6B /* Resources */,
			);
			buildRules = (
			);
			dependencies = (
			);
			name = KAIST_BUS;
			productName = KAIST_BUS;
			productReference = E59DDDC717E0D7440019AC6B /* KAIST_BUS.app */;
			productType = "com.apple.product-type.application";
		};
		E59DDDE617E0D7450019AC6B /* KAIST_BUSTests */ = {
			isa = PBXNativeTarget;
			buildConfigurationList = E59DDDFC17E0D7450019AC6B /* Build configuration list for PBXNativeTarget "KAIST_BUSTests" */;
			buildPhases = (
				E59DDDE217E0D7450019AC6B /* Sources */,
				E59DDDE317E0D7450019AC6B /* Frameworks */,
				E59DDDE417E0D7450019AC6B /* Resources */,
				E59DDDE517E0D7450019AC6B /* ShellScript */,
			);
			buildRules = (
			);
			dependencies = (
				E59DDDED17E0D7450019AC6B /* PBXTargetDependency */,
			);
			name = KAIST_BUSTests;
			productName = KAIST_BUSTests;
			productReference = E59DDDE717E0D7450019AC6B /* KAIST_BUSTests.octest */;
			productType = "com.apple.product-type.bundle";
		};
/* End PBXNativeTarget section */

/* Begin PBXProject section */
		E59DDDBF17E0D7440019AC6B /* Project object */ = {
			isa = PBXProject;
			attributes = {
				LastUpgradeCheck = 0460;
				ORGANIZATIONNAME = "Kim Won Jung";
			};
			buildConfigurationList = E59DDDC217E0D7440019AC6B /* Build configuration list for PBXProject "KAIST_BUS" */;
			compatibilityVersion = "Xcode 3.2";
			developmentRegion = English;
			hasScannedForEncodings = 0;
			knownRegions = (
				en,
			);
			mainGroup = E59DDDBE17E0D7440019AC6B;
			productRefGroup = E59DDDC817E0D7440019AC6B /* Products */;
			projectDirPath = "";
			projectRoot = "";
			targets = (
				E59DDDC617E0D7440019AC6B /* KAIST_BUS */,
				E59DDDE617E0D7450019AC6B /* KAIST_BUSTests */,
			);
		};
/* End PBXProject section */

/* Begin PBXResourcesBuildPhase section */
		E59DDDC517E0D7440019AC6B /* Resources */ = {
			isa = PBXResourcesBuildPhase;
			buildActionMask = 2147483647;
			files = (
				E59DDDD517E0D7450019AC6B /* InfoPlist.strings in Resources */,
				E59DDDDD17E0D7450019AC6B /* Default.png in Resources */,
				E59DDDDF17E0D7450019AC6B /* Default@2x.png in Resources */,
				E59DDDE117E0D7450019AC6B /* Default-568h@2x.png in Resources */,
				E59DDE1817E0D85A0019AC6B /* SidebarCell.xib in Resources */,
				E59DDE1A17E0D85A0019AC6B /* SidebarViewController.xib in Resources */,
				E59DDE3617E0DAA40019AC6B /* ButtonMenu.png in Resources */,
				E59DDE3717E0DAA40019AC6B /* ButtonMenu@2x.png in Resources */,
				E59DDE3D17E0DB7A0019AC6B /* AboutViewController.xib in Resources */,
				E59DDE4517E0E0A60019AC6B /* TimetableViewController.xib in Resources */,
				E59DDE4717E0E4D10019AC6B /* BonwonMunji.plist in Resources */,
				E59DDE4E17E0F6490019AC6B /* toggle_direction@2x.png in Resources */,
				E59DDE4F17E0F6490019AC6B /* toggle_direction.png in Resources */,
				E59DDE5117E0F7E20019AC6B /* MunjiBonwon.plist in Resources */,
				E59DDE5317E0FDC90019AC6B /* MunjiHwaam.plist in Resources */,
				E59DDE5517E101130019AC6B /* HwaamMunji.plist in Resources */,
				E59DDE5717E102E80019AC6B /* BonwonWolpyeong.plist in Resources */,
				E59DDE5917E1037E0019AC6B /* WolpyeongBonwon.plist in Resources */,
				E59DDE5B17E104080019AC6B /* OLEV.plist in Resources */,
				E59DDE5E17E1112A0019AC6B /* shadow.png in Resources */,
				E59DDE5F17E1112A0019AC6B /* shadow@2x.png in Resources */,
			);
			runOnlyForDeploymentPostprocessing = 0;
		};
		E59DDDE417E0D7450019AC6B /* Resources */ = {
			isa = PBXResourcesBuildPhase;
			buildActionMask = 2147483647;
			files = (
				E59DDDF317E0D7450019AC6B /* InfoPlist.strings in Resources */,
			);
			runOnlyForDeploymentPostprocessing = 0;
		};
/* End PBXResourcesBuildPhase section */

/* Begin PBXShellScriptBuildPhase section */
		E59DDDE517E0D7450019AC6B /* ShellScript */ = {
			isa = PBXShellScriptBuildPhase;
			buildActionMask = 2147483647;
			files = (
			);
			inputPaths = (
			);
			outputPaths = (
			);
			runOnlyForDeploymentPostprocessing = 0;
			shellPath = /bin/sh;
			shellScript = "# Run the unit tests in this test bundle.\n\"${SYSTEM_DEVELOPER_DIR}/Tools/RunUnitTests\"\n";
		};
/* End PBXShellScriptBuildPhase section */

/* Begin PBXSourcesBuildPhase section */
		E59DDDC317E0D7440019AC6B /* Sources */ = {
			isa = PBXSourcesBuildPhase;
			buildActionMask = 2147483647;
			files = (
				E59DDDD717E0D7450019AC6B /* main.m in Sources */,
				E59DDDDB17E0D7450019AC6B /* AppDelegate.m in Sources */,
				E59DDE1717E0D85A0019AC6B /* SidebarCell.m in Sources */,
				E59DDE1917E0D85A0019AC6B /* SidebarViewController.m in Sources */,
				E59DDE2C17E0D9290019AC6B /* UINavigationItem+JTRevealSidebarV2.m in Sources */,
				E59DDE2D17E0D9290019AC6B /* UIViewController+JTRevealSidebarV2.m in Sources */,
				E59DDE3117E0D9CC0019AC6B /* RootViewControllerBase.m in Sources */,
				E59DDE3C17E0DB7A0019AC6B /* AboutViewController.m in Sources */,
				E59DDE4417E0E0A60019AC6B /* TimetableViewController.m in Sources */,
			);
			runOnlyForDeploymentPostprocessing = 0;
		};
		E59DDDE217E0D7450019AC6B /* Sources */ = {
			isa = PBXSourcesBuildPhase;
			buildActionMask = 2147483647;
			files = (
				E59DDDF617E0D7450019AC6B /* KAIST_BUSTests.m in Sources */,
			);
			runOnlyForDeploymentPostprocessing = 0;
		};
/* End PBXSourcesBuildPhase section */

/* Begin PBXTargetDependency section */
		E59DDDED17E0D7450019AC6B /* PBXTargetDependency */ = {
			isa = PBXTargetDependency;
			target = E59DDDC617E0D7440019AC6B /* KAIST_BUS */;
			targetProxy = E59DDDEC17E0D7450019AC6B /* PBXContainerItemProxy */;
		};
/* End PBXTargetDependency section */

/* Begin PBXVariantGroup section */
		E59DDDD317E0D7450019AC6B /* InfoPlist.strings */ = {
			isa = PBXVariantGroup;
			children = (
				E59DDDD417E0D7450019AC6B /* en */,
			);
			name = InfoPlist.strings;
			sourceTree = "<group>";
		};
		E59DDDF117E0D7450019AC6B /* InfoPlist.strings */ = {
			isa = PBXVariantGroup;
			children = (
				E59DDDF217E0D7450019AC6B /* en */,
			);
			name = InfoPlist.strings;
			sourceTree = "<group>";
		};
/* End PBXVariantGroup section */

/* Begin XCBuildConfiguration section */
		E59DDDF717E0D7450019AC6B /* Debug */ = {
			isa = XCBuildConfiguration;
			buildSettings = {
				ALWAYS_SEARCH_USER_PATHS = NO;
				CLANG_CXX_LANGUAGE_STANDARD = "gnu++0x";
				CLANG_CXX_LIBRARY = "libc++";
				CLANG_ENABLE_OBJC_ARC = YES;
				CLANG_WARN_CONSTANT_CONVERSION = YES;
				CLANG_WARN_EMPTY_BODY = YES;
				CLANG_WARN_ENUM_CONVERSION = YES;
				CLANG_WARN_INT_CONVERSION = YES;
				CLANG_WARN__DUPLICATE_METHOD_MATCH = YES;
				"CODE_SIGN_IDENTITY[sdk=iphoneos*]" = "iPhone Developer";
				COPY_PHASE_STRIP = NO;
				GCC_C_LANGUAGE_STANDARD = gnu99;
				GCC_DYNAMIC_NO_PIC = NO;
				GCC_OPTIMIZATION_LEVEL = 0;
				GCC_PREPROCESSOR_DEFINITIONS = (
					"DEBUG=1",
					"$(inherited)",
				);
				GCC_SYMBOLS_PRIVATE_EXTERN = NO;
				GCC_WARN_ABOUT_RETURN_TYPE = YES;
				GCC_WARN_UNINITIALIZED_AUTOS = YES;
				GCC_WARN_UNUSED_VARIABLE = YES;
				IPHONEOS_DEPLOYMENT_TARGET = 6.1;
				ONLY_ACTIVE_ARCH = YES;
				SDKROOT = iphoneos;
				TARGETED_DEVICE_FAMILY = "1,2";
			};
			name = Debug;
		};
		E59DDDF817E0D7450019AC6B /* Release */ = {
			isa = XCBuildConfiguration;
			buildSettings = {
				ALWAYS_SEARCH_USER_PATHS = NO;
				CLANG_CXX_LANGUAGE_STANDARD = "gnu++0x";
				CLANG_CXX_LIBRARY = "libc++";
				CLANG_ENABLE_OBJC_ARC = YES;
				CLANG_WARN_CONSTANT_CONVERSION = YES;
				CLANG_WARN_EMPTY_BODY = YES;
				CLANG_WARN_ENUM_CONVERSION = YES;
				CLANG_WARN_INT_CONVERSION = YES;
				CLANG_WARN__DUPLICATE_METHOD_MATCH = YES;
				"CODE_SIGN_IDENTITY[sdk=iphoneos*]" = "iPhone Developer";
				COPY_PHASE_STRIP = YES;
				GCC_C_LANGUAGE_STANDARD = gnu99;
				GCC_WARN_ABOUT_RETURN_TYPE = YES;
				GCC_WARN_UNINITIALIZED_AUTOS = YES;
				GCC_WARN_UNUSED_VARIABLE = YES;
				IPHONEOS_DEPLOYMENT_TARGET = 6.1;
				OTHER_CFLAGS = "-DNS_BLOCK_ASSERTIONS=1";
				SDKROOT = iphoneos;
				TARGETED_DEVICE_FAMILY = "1,2";
				VALIDATE_PRODUCT = YES;
			};
			name = Release;
		};
		E59DDDFA17E0D7450019AC6B /* Debug */ = {
			isa = XCBuildConfiguration;
			buildSettings = {
				GCC_PRECOMPILE_PREFIX_HEADER = YES;
				GCC_PREFIX_HEADER = "KAIST_BUS/KAIST_BUS-Prefix.pch";
				INFOPLIST_FILE = "KAIST_BUS/KAIST_BUS-Info.plist";
				PRODUCT_NAME = "$(TARGET_NAME)";
				WRAPPER_EXTENSION = app;
			};
			name = Debug;
		};
		E59DDDFB17E0D7450019AC6B /* Release */ = {
			isa = XCBuildConfiguration;
			buildSettings = {
				GCC_PRECOMPILE_PREFIX_HEADER = YES;
				GCC_PREFIX_HEADER = "KAIST_BUS/KAIST_BUS-Prefix.pch";
				INFOPLIST_FILE = "KAIST_BUS/KAIST_BUS-Info.plist";
				PRODUCT_NAME = "$(TARGET_NAME)";
				WRAPPER_EXTENSION = app;
			};
			name = Release;
		};
		E59DDDFD17E0D7450019AC6B /* Debug */ = {
			isa = XCBuildConfiguration;
			buildSettings = {
				BUNDLE_LOADER = "$(BUILT_PRODUCTS_DIR)/KAIST_BUS.app/KAIST_BUS";
				FRAMEWORK_SEARCH_PATHS = (
					"\"$(SDKROOT)/Developer/Library/Frameworks\"",
					"\"$(DEVELOPER_LIBRARY_DIR)/Frameworks\"",
				);
				GCC_PRECOMPILE_PREFIX_HEADER = YES;
				GCC_PREFIX_HEADER = "KAIST_BUS/KAIST_BUS-Prefix.pch";
				INFOPLIST_FILE = "KAIST_BUSTests/KAIST_BUSTests-Info.plist";
				PRODUCT_NAME = "$(TARGET_NAME)";
				TEST_HOST = "$(BUNDLE_LOADER)";
				WRAPPER_EXTENSION = octest;
			};
			name = Debug;
		};
		E59DDDFE17E0D7450019AC6B /* Release */ = {
			isa = XCBuildConfiguration;
			buildSettings = {
				BUNDLE_LOADER = "$(BUILT_PRODUCTS_DIR)/KAIST_BUS.app/KAIST_BUS";
				FRAMEWORK_SEARCH_PATHS = (
					"\"$(SDKROOT)/Developer/Library/Frameworks\"",
					"\"$(DEVELOPER_LIBRARY_DIR)/Frameworks\"",
				);
				GCC_PRECOMPILE_PREFIX_HEADER = YES;
				GCC_PREFIX_HEADER = "KAIST_BUS/KAIST_BUS-Prefix.pch";
				INFOPLIST_FILE = "KAIST_BUSTests/KAIST_BUSTests-Info.plist";
				PRODUCT_NAME = "$(TARGET_NAME)";
				TEST_HOST = "$(BUNDLE_LOADER)";
				WRAPPER_EXTENSION = octest;
			};
			name = Release;
		};
/* End XCBuildConfiguration section */

/* Begin XCConfigurationList section */
		E59DDDC217E0D7440019AC6B /* Build configuration list for PBXProject "KAIST_BUS" */ = {
			isa = XCConfigurationList;
			buildConfigurations = (
				E59DDDF717E0D7450019AC6B /* Debug */,
				E59DDDF817E0D7450019AC6B /* Release */,
			);
			defaultConfigurationIsVisible = 0;
			defaultConfigurationName = Release;
		};
		E59DDDF917E0D7450019AC6B /* Build configuration list for PBXNativeTarget "KAIST_BUS" */ = {
			isa = XCConfigurationList;
			buildConfigurations = (
				E59DDDFA17E0D7450019AC6B /* Debug */,
				E59DDDFB17E0D7450019AC6B /* Release */,
			);
			defaultConfigurationIsVisible = 0;
		};
		E59DDDFC17E0D7450019AC6B /* Build configuration list for PBXNativeTarget "KAIST_BUSTests" */ = {
			isa = XCConfigurationList;
			buildConfigurations = (
				E59DDDFD17E0D7450019AC6B /* Debug */,
				E59DDDFE17E0D7450019AC6B /* Release */,
			);
			defaultConfigurationIsVisible = 0;
		};
/* End XCConfigurationList section */
	};
	rootObject = E59DDDBF17E0D7440019AC6B /* Project object */;
}
